
Microsoft Visual Studio Solution File, Format Version 12.00
# Visual Studio Version 17
VisualStudioVersion = 17.2.32516.85
MinimumVisualStudioVersion = 10.0.40219.1
Project("{F184B08F-C81C-45F6-A57F-5ABD9991F28F}") = "serializationDemo", "serializationDemo.vbproj", "{5C28FE58-7E6C-41D9-ACE2-83D96BEDD340}"
EndProject
Global
	GlobalSection(SolutionConfigurationPlatforms) = preSolution
		Debug|Any CPU = Debug|Any CPU
		Release|Any CPU = Release|Any CPU
	EndGlobalSection
	GlobalSection(ProjectConfigurationPlatforms) = postSolution
		{5C28FE58-7E6C-41D9-ACE2-83D96BEDD340}.Debug|Any CPU.ActiveCfg = Debug|Any CPU
		{5C28FE58-7E6C-41D9-ACE2-83D96BEDD340}.Debug|Any CPU.Build.0 = Debug|Any CPU
		{5C28FE58-7E6C-41D9-ACE2-83D96BEDD340}.Release|Any CPU.ActiveCfg = Release|Any CPU
		{5C28FE58-7E6C-41D9-ACE2-83D96BEDD340}.Release|Any CPU.Build.0 = Release|Any CPU
	EndGlobalSection
	GlobalSection(SolutionProperties) = preSolution
		HideSolutionNode = FALSE
	EndGlobalSection
	GlobalSection(ExtensibilityGlobals) = postSolution
		SolutionGuid = {5FAFE6E5-F9FF-46E8-937E-7A7774C873AA}
	EndGlobalSection
EndGlobal
