
Microsoft Visual Studio Solution File, Format Version 12.00
# Visual Studio Version 17
VisualStudioVersion = 17.2.32516.85
MinimumVisualStudioVersion = 10.0.40219.1
Project("{F184B08F-C81C-45F6-A57F-5ABD9991F28F}") = "firstVBAPP", "firstVBAPP.vbproj", "{2DD0114F-33BC-4D93-B8B1-E41C2E0D5327}"
EndProject
Global
	GlobalSection(SolutionConfigurationPlatforms) = preSolution
		Debug|Any CPU = Debug|Any CPU
		Release|Any CPU = Release|Any CPU
	EndGlobalSection
	GlobalSection(ProjectConfigurationPlatforms) = postSolution
		{2DD0114F-33BC-4D93-B8B1-E41C2E0D5327}.Debug|Any CPU.ActiveCfg = Debug|Any CPU
		{2DD0114F-33BC-4D93-B8B1-E41C2E0D5327}.Debug|Any CPU.Build.0 = Debug|Any CPU
		{2DD0114F-33BC-4D93-B8B1-E41C2E0D5327}.Release|Any CPU.ActiveCfg = Release|Any CPU
		{2DD0114F-33BC-4D93-B8B1-E41C2E0D5327}.Release|Any CPU.Build.0 = Release|Any CPU
	EndGlobalSection
	GlobalSection(SolutionProperties) = preSolution
		HideSolutionNode = FALSE
	EndGlobalSection
	GlobalSection(ExtensibilityGlobals) = postSolution
		SolutionGuid = {FC04F358-82A6-418C-987F-E388A512FDB9}
	EndGlobalSection
EndGlobal
