
Microsoft Visual Studio Solution File, Format Version 12.00
# Visual Studio Version 17
VisualStudioVersion = 17.2.32516.85
MinimumVisualStudioVersion = 10.0.40219.1
Project("{F184B08F-C81C-45F6-A57F-5ABD9991F28F}") = "ado_net_demo", "ado_net_demo.vbproj", "{6C419284-7923-43AB-B81F-F7261C3210B9}"
EndProject
Global
	GlobalSection(SolutionConfigurationPlatforms) = preSolution
		Debug|Any CPU = Debug|Any CPU
		Release|Any CPU = Release|Any CPU
	EndGlobalSection
	GlobalSection(ProjectConfigurationPlatforms) = postSolution
		{6C419284-7923-43AB-B81F-F7261C3210B9}.Debug|Any CPU.ActiveCfg = Debug|Any CPU
		{6C419284-7923-43AB-B81F-F7261C3210B9}.Debug|Any CPU.Build.0 = Debug|Any CPU
		{6C419284-7923-43AB-B81F-F7261C3210B9}.Release|Any CPU.ActiveCfg = Release|Any CPU
		{6C419284-7923-43AB-B81F-F7261C3210B9}.Release|Any CPU.Build.0 = Release|Any CPU
	EndGlobalSection
	GlobalSection(SolutionProperties) = preSolution
		HideSolutionNode = FALSE
	EndGlobalSection
	GlobalSection(ExtensibilityGlobals) = postSolution
		SolutionGuid = {E877483C-F9AF-490F-B34D-BEBACF044294}
	EndGlobalSection
EndGlobal
